
Microsoft Visual Studio Solution File, Format Version 12.00
# Visual Studio Version 17
VisualStudioVersion = 17.0.31903.59
MinimumVisualStudioVersion = 10.0.40219.1
Project("{FAE04EC0-301F-11D3-BF4B-00C04F79EFBC}") = "MinipetServer", "MinipetServer\MinipetServer.csproj", "{1B858EC9-B886-43FE-AD89-AC6B43A95016}"
EndProject
Project("{FAE04EC0-301F-11D3-BF4B-00C04F79EFBC}") = "MinipetServer.Tests", "MinipetServer.Tests\MinipetServer.Tests.csproj", "{BF4D4F5D-52AB-400E-9170-24141EBC81B1}"
EndProject
Project("{2150E333-8FDC-42A3-9474-1A3956D46DE8}") = "tools", "tools", "{07C2787E-EAC7-C090-1BA3-A61EC2A24D84}"
EndProject
Project("{FAE04EC0-301F-11D3-BF4B-00C04F79EFBC}") = "Exporter", "tools\Exporter\Exporter.csproj", "{FC0FDFE8-0FBA-4749-8E71-0A14E53D11CA}"
EndProject
Global
	GlobalSection(SolutionConfigurationPlatforms) = preSolution
		Debug|Any CPU = Debug|Any CPU
		Debug|x64 = Debug|x64
		Debug|x86 = Debug|x86
		Release|Any CPU = Release|Any CPU
		Release|x64 = Release|x64
		Release|x86 = Release|x86
	EndGlobalSection
	GlobalSection(ProjectConfigurationPlatforms) = postSolution
		{1B858EC9-B886-43FE-AD89-AC6B43A95016}.Debug|Any CPU.ActiveCfg = Debug|Any CPU
		{1B858EC9-B886-43FE-AD89-AC6B43A95016}.Debug|Any CPU.Build.0 = Debug|Any CPU
		{1B858EC9-B886-43FE-AD89-AC6B43A95016}.Debug|x64.ActiveCfg = Debug|Any CPU
		{1B858EC9-B886-43FE-AD89-AC6B43A95016}.Debug|x64.Build.0 = Debug|Any CPU
		{1B858EC9-B886-43FE-AD89-AC6B43A95016}.Debug|x86.ActiveCfg = Debug|Any CPU
		{1B858EC9-B886-43FE-AD89-AC6B43A95016}.Debug|x86.Build.0 = Debug|Any CPU
		{1B858EC9-B886-43FE-AD89-AC6B43A95016}.Release|Any CPU.ActiveCfg = Release|Any CPU
		{1B858EC9-B886-43FE-AD89-AC6B43A95016}.Release|Any CPU.Build.0 = Release|Any CPU
		{1B858EC9-B886-43FE-AD89-AC6B43A95016}.Release|x64.ActiveCfg = Release|Any CPU
		{1B858EC9-B886-43FE-AD89-AC6B43A95016}.Release|x64.Build.0 = Release|Any CPU
		{1B858EC9-B886-43FE-AD89-AC6B43A95016}.Release|x86.ActiveCfg = Release|Any CPU
		{1B858EC9-B886-43FE-AD89-AC6B43A95016}.Release|x86.Build.0 = Release|Any CPU
		{BF4D4F5D-52AB-400E-9170-24141EBC81B1}.Debug|Any CPU.ActiveCfg = Debug|Any CPU
		{BF4D4F5D-52AB-400E-9170-24141EBC81B1}.Debug|Any CPU.Build.0 = Debug|Any CPU
		{BF4D4F5D-52AB-400E-9170-24141EBC81B1}.Debug|x64.ActiveCfg = Debug|Any CPU
		{BF4D4F5D-52AB-400E-9170-24141EBC81B1}.Debug|x64.Build.0 = Debug|Any CPU
		{BF4D4F5D-52AB-400E-9170-24141EBC81B1}.Debug|x86.ActiveCfg = Debug|Any CPU
		{BF4D4F5D-52AB-400E-9170-24141EBC81B1}.Debug|x86.Build.0 = Debug|Any CPU
		{BF4D4F5D-52AB-400E-9170-24141EBC81B1}.Release|Any CPU.ActiveCfg = Release|Any CPU
		{BF4D4F5D-52AB-400E-9170-24141EBC81B1}.Release|Any CPU.Build.0 = Release|Any CPU
		{BF4D4F5D-52AB-400E-9170-24141EBC81B1}.Release|x64.ActiveCfg = Release|Any CPU
		{BF4D4F5D-52AB-400E-9170-24141EBC81B1}.Release|x64.Build.0 = Release|Any CPU
		{BF4D4F5D-52AB-400E-9170-24141EBC81B1}.Release|x86.ActiveCfg = Release|Any CPU
		{BF4D4F5D-52AB-400E-9170-24141EBC81B1}.Release|x86.Build.0 = Release|Any CPU
		{FC0FDFE8-0FBA-4749-8E71-0A14E53D11CA}.Debug|Any CPU.ActiveCfg = Debug|Any CPU
		{FC0FDFE8-0FBA-4749-8E71-0A14E53D11CA}.Debug|Any CPU.Build.0 = Debug|Any CPU
		{FC0FDFE8-0FBA-4749-8E71-0A14E53D11CA}.Debug|x64.ActiveCfg = Debug|Any CPU
		{FC0FDFE8-0FBA-4749-8E71-0A14E53D11CA}.Debug|x64.Build.0 = Debug|Any CPU
		{FC0FDFE8-0FBA-4749-8E71-0A14E53D11CA}.Debug|x86.ActiveCfg = Debug|Any CPU
		{FC0FDFE8-0FBA-4749-8E71-0A14E53D11CA}.Debug|x86.Build.0 = Debug|Any CPU
		{FC0FDFE8-0FBA-4749-8E71-0A14E53D11CA}.Release|Any CPU.ActiveCfg = Release|Any CPU
		{FC0FDFE8-0FBA-4749-8E71-0A14E53D11CA}.Release|Any CPU.Build.0 = Release|Any CPU
		{FC0FDFE8-0FBA-4749-8E71-0A14E53D11CA}.Release|x64.ActiveCfg = Release|Any CPU
		{FC0FDFE8-0FBA-4749-8E71-0A14E53D11CA}.Release|x64.Build.0 = Release|Any CPU
		{FC0FDFE8-0FBA-4749-8E71-0A14E53D11CA}.Release|x86.ActiveCfg = Release|Any CPU
		{FC0FDFE8-0FBA-4749-8E71-0A14E53D11CA}.Release|x86.Build.0 = Release|Any CPU
	EndGlobalSection
	GlobalSection(SolutionProperties) = preSolution
		HideSolutionNode = FALSE
	EndGlobalSection
	GlobalSection(NestedProjects) = preSolution
		{FC0FDFE8-0FBA-4749-8E71-0A14E53D11CA} = {07C2787E-EAC7-C090-1BA3-A61EC2A24D84}
	EndGlobalSection
EndGlobal
